schema: '2.0'
stages:
  data_ingestion:
    cmd: python src/pipeline_steps/stage01_data_ingestion.py
    deps:
    - path: src/config.yaml
      hash: md5
      md5: b67e477f301c8e0b466ea81cfcdf6c44
      size: 1068
    - path: src/pipeline_steps/stage01_data_ingestion.py
      hash: md5
      md5: 96886e3b95865dcdd3c3f2d3daec4971
      size: 1088
    outs:
    - path: data/raw/movies.csv
      hash: md5
      md5: 773f10915722cf8256480f2e91711a5f
      size: 1401634
    - path: data/raw/ratings.csv
      hash: md5
      md5: b5295ddb3165cd002297e9ce18adea47
      size: 533444411
  data_split:
    cmd: python src/pipeline_steps/stage02_data_split.py
    deps:
    - path: data/raw/movies.csv
      hash: md5
      md5: 773f10915722cf8256480f2e91711a5f
      size: 1401634
    - path: data/raw/ratings.csv
      hash: md5
      md5: b5295ddb3165cd002297e9ce18adea47
      size: 533444411
    - path: src/config.yaml
      hash: md5
      md5: b67e477f301c8e0b466ea81cfcdf6c44
      size: 1068
    - path: src/pipeline_steps/stage02_data_split.py
      hash: md5
      md5: 60841af0d9a007b8c4f268275a24f2fa
      size: 1004
    outs:
    - path: data/interim/movies
      hash: md5
      md5: f170f01d202948d32f56f535d2a1ac67.dir
      size: 767519
      nfiles: 6
    - path: data/interim/ratings
      hash: md5
      md5: e5f9cfb1cf29f6f45db02dfc4e13fba6.dir
      size: 700080281
      nfiles: 6
  data_update:
    cmd: python src/pipeline_steps/stage03_data_update.py
    deps:
    - path: data/interim/movies
      hash: md5
      md5: f170f01d202948d32f56f535d2a1ac67.dir
      size: 767519
      nfiles: 6
    - path: data/interim/ratings
      hash: md5
      md5: e5f9cfb1cf29f6f45db02dfc4e13fba6.dir
      size: 700080281
      nfiles: 6
    - path: src/config.yaml
      hash: md5
      md5: b67e477f301c8e0b466ea81cfcdf6c44
      size: 1068
    - path: src/pipeline_steps/stage03_data_update.py
      hash: md5
      md5: 0b78b155e5656d7bc9e1654c5f2e48e1
      size: 1016
    outs:
    - path: data/interim/movies.csv
      hash: md5
      md5: 880fbd6151b55624f8542b3392099090
      size: 767414
    - path: data/interim/ratings.csv
      hash: md5
      md5: d7180319a78aba3a6cc660a2452f454c
      size: 700080121
  data_validation:
    cmd: python src/pipeline_steps/stage04_data_validation.py
    deps:
    - path: data/interim/movies.csv
      hash: md5
      md5: 880fbd6151b55624f8542b3392099090
      size: 767414
    - path: data/interim/ratings.csv
      hash: md5
      md5: d7180319a78aba3a6cc660a2452f454c
      size: 700080121
    - path: src/config.yaml
      hash: md5
      md5: b67e477f301c8e0b466ea81cfcdf6c44
      size: 1068
    - path: src/pipeline_steps/stage04_data_validation.py
      hash: md5
      md5: 14e4d679e2847eb4b0a830e457a64eb5
      size: 1037
    outs:
    - path: data/status.txt
      hash: md5
      md5: 86e6a2f694c57a675b3e2da6b95ff9ba
      size: 23
  data_transformation:
    cmd: python src/pipeline_steps/stage05_data_transformation.py
    deps:
    - path: data/status.txt
      hash: md5
      md5: 86e6a2f694c57a675b3e2da6b95ff9ba
      size: 23
    - path: src/config.yaml
      hash: md5
      md5: b67e477f301c8e0b466ea81cfcdf6c44
      size: 1068
    - path: src/pipeline_steps/stage05_data_transformation.py
      hash: md5
      md5: 1a09ecf6f91a517188919453842c6974
      size: 1383
    outs:
    - path: data/processed/movie_matrix.csv
      hash: md5
      md5: 47dd1494cdc0bc08cbb8f0302c7d8a07
      size: 706917
    - path: data/processed/user_matrix.csv
      hash: md5
      md5: 8407589961344a02aa206c950ae18e29
      size: 36093259
  model_train:
    cmd: python src/pipeline_steps/stage06_model_train.py
    deps:
    - path: data/processed/movie_matrix.csv
      hash: md5
      md5: 47dd1494cdc0bc08cbb8f0302c7d8a07
      size: 706917
    - path: data/processed/user_matrix.csv
      hash: md5
      md5: 8407589961344a02aa206c950ae18e29
      size: 36093259
    - path: src/config.yaml
      hash: md5
      md5: b67e477f301c8e0b466ea81cfcdf6c44
      size: 1068
    - path: src/pipeline_steps/stage06_model_train.py
      hash: md5
      md5: 33e540440fc191d871a275c90b729213
      size: 951
    outs:
    - path: models/model.pkl
      hash: md5
      md5: c4b5aebdde5ab8df67abef4e22dec67e
      size: 5135615
  model_evaluation:
    cmd: python src/pipeline_steps/stage07_model_evaluate.py
    deps:
    - path: models/model.pkl
      hash: md5
      md5: c4b5aebdde5ab8df67abef4e22dec67e
      size: 5135615
    - path: src/config.yaml
      hash: md5
      md5: b67e477f301c8e0b466ea81cfcdf6c44
      size: 1068
    - path: src/pipeline_steps/stage07_model_evaluate.py
      hash: md5
      md5: 148b8ebf2ad557d3f43d52f73eed8762
      size: 978
    outs:
    - path: metrics/intra_list_similarity.json
      hash: md5
      md5: 1e5542c94fa7d15045dc14aef82f6390
      size: 50
